// !$*UTF8*$!
{
	archiveVersion = 1;
	classes = {
	};
	objectVersion = 46;
	objects = {

/* Begin PBXBuildFile section */
		00E356F31AD99517003FC87E /* SOTSTests.m in Sources */ = {isa = PBXBuildFile; fileRef = 00E356F21AD99517003FC87E /* SOTSTests.m */; };
		13B07FBC1A68108700A75B9A /* AppDelegate.m in Sources */ = {isa = PBXBuildFile; fileRef = 13B07FB01A68108700A75B9A /* AppDelegate.m */; };
		13B07FBD1A68108700A75B9A /* LaunchScreen.xib in Resources */ = {isa = PBXBuildFile; fileRef = 13B07FB11A68108700A75B9A /* LaunchScreen.xib */; };
		13B07FBF1A68108700A75B9A /* Images.xcassets in Resources */ = {isa = PBXBuildFile; fileRef = 13B07FB51A68108700A75B9A /* Images.xcassets */; };
		13B07FC11A68108700A75B9A /* main.m in Sources */ = {isa = PBXBuildFile; fileRef = 13B07FB71A68108700A75B9A /* main.m */; };
		27C13F9880BE14A1211CF9AC /* libPods-SOTSTests.a in Frameworks */ = {isa = PBXBuildFile; fileRef = 1C79916CE141969684FB4810 /* libPods-SOTSTests.a */; };
		2D02E4BC1E0B4A80006451C7 /* AppDelegate.m in Sources */ = {isa = PBXBuildFile; fileRef = 13B07FB01A68108700A75B9A /* AppDelegate.m */; };
		2D02E4BD1E0B4A84006451C7 /* Images.xcassets in Resources */ = {isa = PBXBuildFile; fileRef = 13B07FB51A68108700A75B9A /* Images.xcassets */; };
		2D02E4BF1E0B4AB3006451C7 /* main.m in Sources */ = {isa = PBXBuildFile; fileRef = 13B07FB71A68108700A75B9A /* main.m */; };
		2DCD954D1E0B4F2C00145EB5 /* SOTSTests.m in Sources */ = {isa = PBXBuildFile; fileRef = 00E356F21AD99517003FC87E /* SOTSTests.m */; };
		2FAA020625601FF5000E6750 /* OpenSans-Regular.ttf in Resources */ = {isa = PBXBuildFile; fileRef = 2FAA015825601632000E6750 /* OpenSans-Regular.ttf */; };
		2FAA023C2560219B000E6750 /* Baloo-Regular.ttf in Resources */ = {isa = PBXBuildFile; fileRef = 2FAA018E25601834000E6750 /* Baloo-Regular.ttf */; };
		2FD58F12256137120030CC8D /* GoogleService-Info.plist in Resources */ = {isa = PBXBuildFile; fileRef = 2FD58F11256137120030CC8D /* GoogleService-Info.plist */; };
		725832AB3931FE61615FE2FE /* libPods-SOTS-tvOS.a in Frameworks */ = {isa = PBXBuildFile; fileRef = EDE19340C8810280ADAB3E21 /* libPods-SOTS-tvOS.a */; };
		72C0496656CA02E5F4BD1B71 /* libPods-SOTS.a in Frameworks */ = {isa = PBXBuildFile; fileRef = 4D837BF51F9EE85C93D1669E /* libPods-SOTS.a */; };
		AC711A3C957E52BD316E6AD4 /* libPods-SOTS-tvOSTests.a in Frameworks */ = {isa = PBXBuildFile; fileRef = 04C452E4563814F912C8CFA9 /* libPods-SOTS-tvOSTests.a */; };
/* End PBXBuildFile section */

/* Begin PBXContainerItemProxy section */
		00E356F41AD99517003FC87E /* PBXContainerItemProxy */ = {
			isa = PBXContainerItemProxy;
			containerPortal = 83CBB9F71A601CBA00E9B192 /* Project object */;
			proxyType = 1;
			remoteGlobalIDString = 13B07F861A680F5B00A75B9A;
			remoteInfo = SOTS;
		};
		2D02E4911E0B4A5D006451C7 /* PBXContainerItemProxy */ = {
			isa = PBXContainerItemProxy;
			containerPortal = 83CBB9F71A601CBA00E9B192 /* Project object */;
			proxyType = 1;
			remoteGlobalIDString = 2D02E47A1E0B4A5D006451C7;
			remoteInfo = "SOTS-tvOS";
		};
/* End PBXContainerItemProxy section */

/* Begin PBXCopyFilesBuildPhase section */
		2FF4A49C25A1D732004DCCAB /* Embed App Extensions */ = {
			isa = PBXCopyFilesBuildPhase;
			buildActionMask = 2147483647;
			dstPath = "";
			dstSubfolderSpec = 13;
			files = (
			);
			name = "Embed App Extensions";
			runOnlyForDeploymentPostprocessing = 0;
		};
/* End PBXCopyFilesBuildPhase section */

/* Begin PBXFileReference section */
		008F07F21AC5B25A0029DE68 /* main.jsbundle */ = {isa = PBXFileReference; fileEncoding = 4; lastKnownFileType = text; path = main.jsbundle; sourceTree = "<group>"; };
		00E356EE1AD99517003FC87E /* SOTSTests.xctest */ = {isa = PBXFileReference; explicitFileType = wrapper.cfbundle; includeInIndex = 0; path = SOTSTests.xctest; sourceTree = BUILT_PRODUCTS_DIR; };
		00E356F11AD99517003FC87E /* Info.plist */ = {isa = PBXFileReference; lastKnownFileType = text.plist.xml; path = Info.plist; sourceTree = "<group>"; };
		00E356F21AD99517003FC87E /* SOTSTests.m */ = {isa = PBXFileReference; lastKnownFileType = sourcecode.c.objc; path = SOTSTests.m; sourceTree = "<group>"; };
		04C452E4563814F912C8CFA9 /* libPods-SOTS-tvOSTests.a */ = {isa = PBXFileReference; explicitFileType = archive.ar; includeInIndex = 0; path = "libPods-SOTS-tvOSTests.a"; sourceTree = BUILT_PRODUCTS_DIR; };
		08192A1D667374B2B6BF1C66 /* Pods-SOTS-tvOS.debug.xcconfig */ = {isa = PBXFileReference; includeInIndex = 1; lastKnownFileType = text.xcconfig; name = "Pods-SOTS-tvOS.debug.xcconfig"; path = "Target Support Files/Pods-SOTS-tvOS/Pods-SOTS-tvOS.debug.xcconfig"; sourceTree = "<group>"; };
		0C843C25E41079529AF422E1 /* libPods-SOTS-OneSignalNotificationServiceExtension.a */ = {isa = PBXFileReference; explicitFileType = archive.ar; includeInIndex = 0; path = "libPods-SOTS-OneSignalNotificationServiceExtension.a"; sourceTree = BUILT_PRODUCTS_DIR; };
		13B07F961A680F5B00A75B9A /* SOTS.app */ = {isa = PBXFileReference; explicitFileType = wrapper.application; includeInIndex = 0; path = SOTS.app; sourceTree = BUILT_PRODUCTS_DIR; };
		13B07FAF1A68108700A75B9A /* AppDelegate.h */ = {isa = PBXFileReference; fileEncoding = 4; lastKnownFileType = sourcecode.c.h; name = AppDelegate.h; path = SOTS/AppDelegate.h; sourceTree = "<group>"; };
		13B07FB01A68108700A75B9A /* AppDelegate.m */ = {isa = PBXFileReference; fileEncoding = 4; lastKnownFileType = sourcecode.c.objc; name = AppDelegate.m; path = SOTS/AppDelegate.m; sourceTree = "<group>"; };
		13B07FB21A68108700A75B9A /* Base */ = {isa = PBXFileReference; lastKnownFileType = file.xib; name = Base; path = Base.lproj/LaunchScreen.xib; sourceTree = "<group>"; };
		13B07FB51A68108700A75B9A /* Images.xcassets */ = {isa = PBXFileReference; lastKnownFileType = folder.assetcatalog; name = Images.xcassets; path = SOTS/Images.xcassets; sourceTree = "<group>"; };
		13B07FB61A68108700A75B9A /* Info.plist */ = {isa = PBXFileReference; fileEncoding = 4; lastKnownFileType = text.plist.xml; name = Info.plist; path = SOTS/Info.plist; sourceTree = "<group>"; };
		13B07FB71A68108700A75B9A /* main.m */ = {isa = PBXFileReference; fileEncoding = 4; lastKnownFileType = sourcecode.c.objc; name = main.m; path = SOTS/main.m; sourceTree = "<group>"; };
		1C79916CE141969684FB4810 /* libPods-SOTSTests.a */ = {isa = PBXFileReference; explicitFileType = archive.ar; includeInIndex = 0; path = "libPods-SOTSTests.a"; sourceTree = BUILT_PRODUCTS_DIR; };
		2D02E47B1E0B4A5D006451C7 /* SOTS-tvOS.app */ = {isa = PBXFileReference; explicitFileType = wrapper.application; includeInIndex = 0; path = "SOTS-tvOS.app"; sourceTree = BUILT_PRODUCTS_DIR; };
		2D02E4901E0B4A5D006451C7 /* SOTS-tvOSTests.xctest */ = {isa = PBXFileReference; explicitFileType = wrapper.cfbundle; includeInIndex = 0; path = "SOTS-tvOSTests.xctest"; sourceTree = BUILT_PRODUCTS_DIR; };
		2E2C3AECC27F7FEEBD43F7DB /* Pods-SOTS-tvOS.release.xcconfig */ = {isa = PBXFileReference; includeInIndex = 1; lastKnownFileType = text.xcconfig; name = "Pods-SOTS-tvOS.release.xcconfig"; path = "Target Support Files/Pods-SOTS-tvOS/Pods-SOTS-tvOS.release.xcconfig"; sourceTree = "<group>"; };
		2FAA011325601216000E6750 /* MaterialCommunityIcons.ttf */ = {isa = PBXFileReference; lastKnownFileType = file; path = MaterialCommunityIcons.ttf; sourceTree = "<group>"; };
		2FAA011425601216000E6750 /* AntDesign.ttf */ = {isa = PBXFileReference; lastKnownFileType = file; path = AntDesign.ttf; sourceTree = "<group>"; };
		2FAA011525601216000E6750 /* MaterialIcons.ttf */ = {isa = PBXFileReference; lastKnownFileType = file; path = MaterialIcons.ttf; sourceTree = "<group>"; };
		2FAA011625601216000E6750 /* Octicons.ttf */ = {isa = PBXFileReference; lastKnownFileType = file; path = Octicons.ttf; sourceTree = "<group>"; };
		2FAA011725601216000E6750 /* Zocial.ttf */ = {isa = PBXFileReference; lastKnownFileType = file; path = Zocial.ttf; sourceTree = "<group>"; };
		2FAA011825601216000E6750 /* Fontisto.ttf */ = {isa = PBXFileReference; lastKnownFileType = file; path = Fontisto.ttf; sourceTree = "<group>"; };
		2FAA011925601216000E6750 /* FontAwesome5_Brands.ttf */ = {isa = PBXFileReference; lastKnownFileType = file; path = FontAwesome5_Brands.ttf; sourceTree = "<group>"; };
		2FAA011A25601216000E6750 /* SimpleLineIcons.ttf */ = {isa = PBXFileReference; lastKnownFileType = file; path = SimpleLineIcons.ttf; sourceTree = "<group>"; };
		2FAA011B25601217000E6750 /* FontAwesome5_Regular.ttf */ = {isa = PBXFileReference; lastKnownFileType = file; path = FontAwesome5_Regular.ttf; sourceTree = "<group>"; };
		2FAA011C25601217000E6750 /* FontAwesome.ttf */ = {isa = PBXFileReference; lastKnownFileType = file; path = FontAwesome.ttf; sourceTree = "<group>"; };
		2FAA011D25601217000E6750 /* Entypo.ttf */ = {isa = PBXFileReference; lastKnownFileType = file; path = Entypo.ttf; sourceTree = "<group>"; };
		2FAA011E25601217000E6750 /* EvilIcons.ttf */ = {isa = PBXFileReference; lastKnownFileType = file; path = EvilIcons.ttf; sourceTree = "<group>"; };
		2FAA011F25601217000E6750 /* Feather.ttf */ = {isa = PBXFileReference; lastKnownFileType = file; path = Feather.ttf; sourceTree = "<group>"; };
		2FAA012025601217000E6750 /* FontAwesome5_Solid.ttf */ = {isa = PBXFileReference; lastKnownFileType = file; path = FontAwesome5_Solid.ttf; sourceTree = "<group>"; };
		2FAA012125601217000E6750 /* Ionicons.ttf */ = {isa = PBXFileReference; lastKnownFileType = file; path = Ionicons.ttf; sourceTree = "<group>"; };
		2FAA012225601217000E6750 /* Foundation.ttf */ = {isa = PBXFileReference; lastKnownFileType = file; path = Foundation.ttf; sourceTree = "<group>"; };
		2FAA015825601632000E6750 /* OpenSans-Regular.ttf */ = {isa = PBXFileReference; lastKnownFileType = file; path = "OpenSans-Regular.ttf"; sourceTree = "<group>"; };
		2FAA018E25601834000E6750 /* Baloo-Regular.ttf */ = {isa = PBXFileReference; lastKnownFileType = file; path = "Baloo-Regular.ttf"; sourceTree = "<group>"; };
		2FD58F11256137120030CC8D /* GoogleService-Info.plist */ = {isa = PBXFileReference; fileEncoding = 4; lastKnownFileType = text.plist.xml; path = "GoogleService-Info.plist"; sourceTree = "<group>"; };
		2FF4A48C25A1D63E004DCCAB /* SOTS.entitlements */ = {isa = PBXFileReference; lastKnownFileType = text.plist.entitlements; name = SOTS.entitlements; path = SOTS/SOTS.entitlements; sourceTree = "<group>"; };
		2FF4A49325A1D732004DCCAB /* NotificationService.swift */ = {isa = PBXFileReference; lastKnownFileType = sourcecode.swift; path = NotificationService.swift; sourceTree = "<group>"; };
		2FF4A49525A1D732004DCCAB /* Info.plist */ = {isa = PBXFileReference; lastKnownFileType = text.plist.xml; path = Info.plist; sourceTree = "<group>"; };
		4D837BF51F9EE85C93D1669E /* libPods-SOTS.a */ = {isa = PBXFileReference; explicitFileType = archive.ar; includeInIndex = 0; path = "libPods-SOTS.a"; sourceTree = BUILT_PRODUCTS_DIR; };
		6DD3B99AF0FCCD2E45CBCB0F /* Pods-SOTSTests.release.xcconfig */ = {isa = PBXFileReference; includeInIndex = 1; lastKnownFileType = text.xcconfig; name = "Pods-SOTSTests.release.xcconfig"; path = "Target Support Files/Pods-SOTSTests/Pods-SOTSTests.release.xcconfig"; sourceTree = "<group>"; };
		79ED20D5FA2DF3E4DA772E47 /* Pods-SOTS-tvOSTests.release.xcconfig */ = {isa = PBXFileReference; includeInIndex = 1; lastKnownFileType = text.xcconfig; name = "Pods-SOTS-tvOSTests.release.xcconfig"; path = "Target Support Files/Pods-SOTS-tvOSTests/Pods-SOTS-tvOSTests.release.xcconfig"; sourceTree = "<group>"; };
		9CAA308D565210CCE957800A /* Pods-SOTS-OneSignalNotificationServiceExtension.debug.xcconfig */ = {isa = PBXFileReference; includeInIndex = 1; lastKnownFileType = text.xcconfig; name = "Pods-SOTS-OneSignalNotificationServiceExtension.debug.xcconfig"; path = "Target Support Files/Pods-SOTS-OneSignalNotificationServiceExtension/Pods-SOTS-OneSignalNotificationServiceExtension.debug.xcconfig"; sourceTree = "<group>"; };
		A541E01187ED62DBCA6B1ECF /* Pods-SOTS.debug.xcconfig */ = {isa = PBXFileReference; includeInIndex = 1; lastKnownFileType = text.xcconfig; name = "Pods-SOTS.debug.xcconfig"; path = "Target Support Files/Pods-SOTS/Pods-SOTS.debug.xcconfig"; sourceTree = "<group>"; };
		AECDDD2A8D44EEF5FF6949CE /* Pods-SOTS-tvOSTests.debug.xcconfig */ = {isa = PBXFileReference; includeInIndex = 1; lastKnownFileType = text.xcconfig; name = "Pods-SOTS-tvOSTests.debug.xcconfig"; path = "Target Support Files/Pods-SOTS-tvOSTests/Pods-SOTS-tvOSTests.debug.xcconfig"; sourceTree = "<group>"; };
		BD483E3279015CEF7B4738AA /* Pods-SOTS.release.xcconfig */ = {isa = PBXFileReference; includeInIndex = 1; lastKnownFileType = text.xcconfig; name = "Pods-SOTS.release.xcconfig"; path = "Target Support Files/Pods-SOTS/Pods-SOTS.release.xcconfig"; sourceTree = "<group>"; };
		ED297162215061F000B7C4FE /* JavaScriptCore.framework */ = {isa = PBXFileReference; lastKnownFileType = wrapper.framework; name = JavaScriptCore.framework; path = System/Library/Frameworks/JavaScriptCore.framework; sourceTree = SDKROOT; };
		ED2971642150620600B7C4FE /* JavaScriptCore.framework */ = {isa = PBXFileReference; lastKnownFileType = wrapper.framework; name = JavaScriptCore.framework; path = Platforms/AppleTVOS.platform/Developer/SDKs/AppleTVOS12.0.sdk/System/Library/Frameworks/JavaScriptCore.framework; sourceTree = DEVELOPER_DIR; };
		EDE19340C8810280ADAB3E21 /* libPods-SOTS-tvOS.a */ = {isa = PBXFileReference; explicitFileType = archive.ar; includeInIndex = 0; path = "libPods-SOTS-tvOS.a"; sourceTree = BUILT_PRODUCTS_DIR; };
		F26AD2432CB1B91FED18CDF3 /* Pods-SOTSTests.debug.xcconfig */ = {isa = PBXFileReference; includeInIndex = 1; lastKnownFileType = text.xcconfig; name = "Pods-SOTSTests.debug.xcconfig"; path = "Target Support Files/Pods-SOTSTests/Pods-SOTSTests.debug.xcconfig"; sourceTree = "<group>"; };
		FFAC4EAAE1A4763B04E6AB4D /* Pods-SOTS-OneSignalNotificationServiceExtension.release.xcconfig */ = {isa = PBXFileReference; includeInIndex = 1; lastKnownFileType = text.xcconfig; name = "Pods-SOTS-OneSignalNotificationServiceExtension.release.xcconfig"; path = "Target Support Files/Pods-SOTS-OneSignalNotificationServiceExtension/Pods-SOTS-OneSignalNotificationServiceExtension.release.xcconfig"; sourceTree = "<group>"; };
/* End PBXFileReference section */

/* Begin PBXFrameworksBuildPhase section */
		00E356EB1AD99517003FC87E /* Frameworks */ = {
			isa = PBXFrameworksBuildPhase;
			buildActionMask = 2147483647;
			files = (
				27C13F9880BE14A1211CF9AC /* libPods-SOTSTests.a in Frameworks */,
			);
			runOnlyForDeploymentPostprocessing = 0;
		};
		13B07F8C1A680F5B00A75B9A /* Frameworks */ = {
			isa = PBXFrameworksBuildPhase;
			buildActionMask = 2147483647;
			files = (
				72C0496656CA02E5F4BD1B71 /* libPods-SOTS.a in Frameworks */,
			);
			runOnlyForDeploymentPostprocessing = 0;
		};
		2D02E4781E0B4A5D006451C7 /* Frameworks */ = {
			isa = PBXFrameworksBuildPhase;
			buildActionMask = 2147483647;
			files = (
				725832AB3931FE61615FE2FE /* libPods-SOTS-tvOS.a in Frameworks */,
			);
			runOnlyForDeploymentPostprocessing = 0;
		};
		2D02E48D1E0B4A5D006451C7 /* Frameworks */ = {
			isa = PBXFrameworksBuildPhase;
			buildActionMask = 2147483647;
			files = (
				AC711A3C957E52BD316E6AD4 /* libPods-SOTS-tvOSTests.a in Frameworks */,
			);
			runOnlyForDeploymentPostprocessing = 0;
		};
/* End PBXFrameworksBuildPhase section */

/* Begin PBXGroup section */
		00E356EF1AD99517003FC87E /* SOTSTests */ = {
			isa = PBXGroup;
			children = (
				00E356F21AD99517003FC87E /* SOTSTests.m */,
				00E356F01AD99517003FC87E /* Supporting Files */,
			);
			path = SOTSTests;
			sourceTree = "<group>";
		};
		00E356F01AD99517003FC87E /* Supporting Files */ = {
			isa = PBXGroup;
			children = (
				00E356F11AD99517003FC87E /* Info.plist */,
			);
			name = "Supporting Files";
			sourceTree = "<group>";
		};
		13B07FAE1A68108700A75B9A /* SOTS */ = {
			isa = PBXGroup;
			children = (
				2FF4A48C25A1D63E004DCCAB /* SOTS.entitlements */,
				2FD58F11256137120030CC8D /* GoogleService-Info.plist */,
				2FAA00A825600C67000E6750 /* Fonts */,
				008F07F21AC5B25A0029DE68 /* main.jsbundle */,
				13B07FAF1A68108700A75B9A /* AppDelegate.h */,
				13B07FB01A68108700A75B9A /* AppDelegate.m */,
				13B07FB51A68108700A75B9A /* Images.xcassets */,
				13B07FB61A68108700A75B9A /* Info.plist */,
				13B07FB11A68108700A75B9A /* LaunchScreen.xib */,
				13B07FB71A68108700A75B9A /* main.m */,
			);
			name = SOTS;
			sourceTree = "<group>";
		};
		2D16E6871FA4F8E400B85C8A /* Frameworks */ = {
			isa = PBXGroup;
			children = (
				ED297162215061F000B7C4FE /* JavaScriptCore.framework */,
				ED2971642150620600B7C4FE /* JavaScriptCore.framework */,
				4D837BF51F9EE85C93D1669E /* libPods-SOTS.a */,
				EDE19340C8810280ADAB3E21 /* libPods-SOTS-tvOS.a */,
				04C452E4563814F912C8CFA9 /* libPods-SOTS-tvOSTests.a */,
				1C79916CE141969684FB4810 /* libPods-SOTSTests.a */,
				0C843C25E41079529AF422E1 /* libPods-SOTS-OneSignalNotificationServiceExtension.a */,
			);
			name = Frameworks;
			sourceTree = "<group>";
		};
		2FAA00A825600C67000E6750 /* Fonts */ = {
			isa = PBXGroup;
			children = (
				2FAA018E25601834000E6750 /* Baloo-Regular.ttf */,
				2FAA015825601632000E6750 /* OpenSans-Regular.ttf */,
				2FAA011425601216000E6750 /* AntDesign.ttf */,
				2FAA011D25601217000E6750 /* Entypo.ttf */,
				2FAA011E25601217000E6750 /* EvilIcons.ttf */,
				2FAA011F25601217000E6750 /* Feather.ttf */,
				2FAA011C25601217000E6750 /* FontAwesome.ttf */,
				2FAA011925601216000E6750 /* FontAwesome5_Brands.ttf */,
				2FAA011B25601217000E6750 /* FontAwesome5_Regular.ttf */,
				2FAA012025601217000E6750 /* FontAwesome5_Solid.ttf */,
				2FAA011825601216000E6750 /* Fontisto.ttf */,
				2FAA012225601217000E6750 /* Foundation.ttf */,
				2FAA012125601217000E6750 /* Ionicons.ttf */,
				2FAA011325601216000E6750 /* MaterialCommunityIcons.ttf */,
				2FAA011525601216000E6750 /* MaterialIcons.ttf */,
				2FAA011625601216000E6750 /* Octicons.ttf */,
				2FAA011A25601216000E6750 /* SimpleLineIcons.ttf */,
				2FAA011725601216000E6750 /* Zocial.ttf */,
			);
			path = Fonts;
			sourceTree = "<group>";
		};
		2FF4A49225A1D732004DCCAB /* OneSignalNotificationServiceExtension */ = {
			isa = PBXGroup;
			children = (
				2FF4A49325A1D732004DCCAB /* NotificationService.swift */,
				2FF4A49525A1D732004DCCAB /* Info.plist */,
			);
			path = OneSignalNotificationServiceExtension;
			sourceTree = "<group>";
		};
		832341AE1AAA6A7D00B99B32 /* Libraries */ = {
			isa = PBXGroup;
			children = (
			);
			name = Libraries;
			sourceTree = "<group>";
		};
		83CBB9F61A601CBA00E9B192 = {
			isa = PBXGroup;
			children = (
				13B07FAE1A68108700A75B9A /* SOTS */,
				832341AE1AAA6A7D00B99B32 /* Libraries */,
				00E356EF1AD99517003FC87E /* SOTSTests */,
				2FF4A49225A1D732004DCCAB /* OneSignalNotificationServiceExtension */,
				83CBBA001A601CBA00E9B192 /* Products */,
				2D16E6871FA4F8E400B85C8A /* Frameworks */,
				8A9DA160BBF56234BD9AB236 /* Pods */,
			);
			indentWidth = 2;
			sourceTree = "<group>";
			tabWidth = 2;
			usesTabs = 0;
		};
		83CBBA001A601CBA00E9B192 /* Products */ = {
			isa = PBXGroup;
			children = (
				13B07F961A680F5B00A75B9A /* SOTS.app */,
				00E356EE1AD99517003FC87E /* SOTSTests.xctest */,
				2D02E47B1E0B4A5D006451C7 /* SOTS-tvOS.app */,
				2D02E4901E0B4A5D006451C7 /* SOTS-tvOSTests.xctest */,
			);
			name = Products;
			sourceTree = "<group>";
		};
		8A9DA160BBF56234BD9AB236 /* Pods */ = {
			isa = PBXGroup;
			children = (
				A541E01187ED62DBCA6B1ECF /* Pods-SOTS.debug.xcconfig */,
				BD483E3279015CEF7B4738AA /* Pods-SOTS.release.xcconfig */,
				08192A1D667374B2B6BF1C66 /* Pods-SOTS-tvOS.debug.xcconfig */,
				2E2C3AECC27F7FEEBD43F7DB /* Pods-SOTS-tvOS.release.xcconfig */,
				AECDDD2A8D44EEF5FF6949CE /* Pods-SOTS-tvOSTests.debug.xcconfig */,
				79ED20D5FA2DF3E4DA772E47 /* Pods-SOTS-tvOSTests.release.xcconfig */,
				F26AD2432CB1B91FED18CDF3 /* Pods-SOTSTests.debug.xcconfig */,
				6DD3B99AF0FCCD2E45CBCB0F /* Pods-SOTSTests.release.xcconfig */,
				9CAA308D565210CCE957800A /* Pods-SOTS-OneSignalNotificationServiceExtension.debug.xcconfig */,
				FFAC4EAAE1A4763B04E6AB4D /* Pods-SOTS-OneSignalNotificationServiceExtension.release.xcconfig */,
			);
			path = Pods;
			sourceTree = "<group>";
		};
/* End PBXGroup section */

/* Begin PBXNativeTarget section */
		00E356ED1AD99517003FC87E /* SOTSTests */ = {
			isa = PBXNativeTarget;
			buildConfigurationList = 00E357021AD99517003FC87E /* Build configuration list for PBXNativeTarget "SOTSTests" */;
			buildPhases = (
				699D585D7C404A7DF74C67BC /* [CP] Check Pods Manifest.lock */,
				00E356EA1AD99517003FC87E /* Sources */,
				00E356EB1AD99517003FC87E /* Frameworks */,
				00E356EC1AD99517003FC87E /* Resources */,
			);
			buildRules = (
			);
			dependencies = (
				00E356F51AD99517003FC87E /* PBXTargetDependency */,
			);
			name = SOTSTests;
			productName = SOTSTests;
			productReference = 00E356EE1AD99517003FC87E /* SOTSTests.xctest */;
			productType = "com.apple.product-type.bundle.unit-test";
		};
		13B07F861A680F5B00A75B9A /* SOTS */ = {
			isa = PBXNativeTarget;
			buildConfigurationList = 13B07F931A680F5B00A75B9A /* Build configuration list for PBXNativeTarget "SOTS" */;
			buildPhases = (
				10FA5CD80F331B9C121B3AAF /* [CP] Check Pods Manifest.lock */,
				FD10A7F022414F080027D42C /* Start Packager */,
				13B07F871A680F5B00A75B9A /* Sources */,
				13B07F8C1A680F5B00A75B9A /* Frameworks */,
				13B07F8E1A680F5B00A75B9A /* Resources */,
				00DD1BFF1BD5951E006B06BC /* Bundle React Native code and images */,
				813728069A3CEFECEE17C444 /* [CP] Copy Pods Resources */,
				2FF4A49C25A1D732004DCCAB /* Embed App Extensions */,
			);
			buildRules = (
			);
			dependencies = (
			);
			name = SOTS;
			productName = SOTS;
			productReference = 13B07F961A680F5B00A75B9A /* SOTS.app */;
			productType = "com.apple.product-type.application";
		};
		2D02E47A1E0B4A5D006451C7 /* SOTS-tvOS */ = {
			isa = PBXNativeTarget;
			buildConfigurationList = 2D02E4BA1E0B4A5E006451C7 /* Build configuration list for PBXNativeTarget "SOTS-tvOS" */;
			buildPhases = (
				C0000650A5A1EC18D4F9CA9C /* [CP] Check Pods Manifest.lock */,
				FD10A7F122414F3F0027D42C /* Start Packager */,
				2D02E4771E0B4A5D006451C7 /* Sources */,
				2D02E4781E0B4A5D006451C7 /* Frameworks */,
				2D02E4791E0B4A5D006451C7 /* Resources */,
				2D02E4CB1E0B4B27006451C7 /* Bundle React Native Code And Images */,
			);
			buildRules = (
			);
			dependencies = (
			);
			name = "SOTS-tvOS";
			productName = "SOTS-tvOS";
			productReference = 2D02E47B1E0B4A5D006451C7 /* SOTS-tvOS.app */;
			productType = "com.apple.product-type.application";
		};
		2D02E48F1E0B4A5D006451C7 /* SOTS-tvOSTests */ = {
			isa = PBXNativeTarget;
			buildConfigurationList = 2D02E4BB1E0B4A5E006451C7 /* Build configuration list for PBXNativeTarget "SOTS-tvOSTests" */;
			buildPhases = (
				2D4E61E42D624C6DB9573D25 /* [CP] Check Pods Manifest.lock */,
				2D02E48C1E0B4A5D006451C7 /* Sources */,
				2D02E48D1E0B4A5D006451C7 /* Frameworks */,
				2D02E48E1E0B4A5D006451C7 /* Resources */,
			);
			buildRules = (
			);
			dependencies = (
				2D02E4921E0B4A5D006451C7 /* PBXTargetDependency */,
			);
			name = "SOTS-tvOSTests";
			productName = "SOTS-tvOSTests";
			productReference = 2D02E4901E0B4A5D006451C7 /* SOTS-tvOSTests.xctest */;
			productType = "com.apple.product-type.bundle.unit-test";
		};
/* End PBXNativeTarget section */

/* Begin PBXProject section */
		83CBB9F71A601CBA00E9B192 /* Project object */ = {
			isa = PBXProject;
			attributes = {
				LastSwiftUpdateCheck = 1220;
				LastUpgradeCheck = 0940;
				ORGANIZATIONNAME = Facebook;
				TargetAttributes = {
					00E356ED1AD99517003FC87E = {
						CreatedOnToolsVersion = 6.2;
						TestTargetID = 13B07F861A680F5B00A75B9A;
					};
					13B07F861A680F5B00A75B9A = {
						DevelopmentTeam = 9R23HUR2Q7;
						ProvisioningStyle = Automatic;
					};
					2D02E47A1E0B4A5D006451C7 = {
						CreatedOnToolsVersion = 8.2.1;
						ProvisioningStyle = Automatic;
					};
					2D02E48F1E0B4A5D006451C7 = {
						CreatedOnToolsVersion = 8.2.1;
						ProvisioningStyle = Automatic;
						TestTargetID = 2D02E47A1E0B4A5D006451C7;
					};
				};
			};
			buildConfigurationList = 83CBB9FA1A601CBA00E9B192 /* Build configuration list for PBXProject "SOTS" */;
			compatibilityVersion = "Xcode 3.2";
			developmentRegion = English;
			hasScannedForEncodings = 0;
			knownRegions = (
				English,
				en,
				Base,
			);
			mainGroup = 83CBB9F61A601CBA00E9B192;
			productRefGroup = 83CBBA001A601CBA00E9B192 /* Products */;
			projectDirPath = "";
			projectRoot = "";
			targets = (
				13B07F861A680F5B00A75B9A /* SOTS */,
				00E356ED1AD99517003FC87E /* SOTSTests */,
				2D02E47A1E0B4A5D006451C7 /* SOTS-tvOS */,
				2D02E48F1E0B4A5D006451C7 /* SOTS-tvOSTests */,
			);
		};
/* End PBXProject section */

/* Begin PBXResourcesBuildPhase section */
		00E356EC1AD99517003FC87E /* Resources */ = {
			isa = PBXResourcesBuildPhase;
			buildActionMask = 2147483647;
			files = (
			);
			runOnlyForDeploymentPostprocessing = 0;
		};
		13B07F8E1A680F5B00A75B9A /* Resources */ = {
			isa = PBXResourcesBuildPhase;
			buildActionMask = 2147483647;
			files = (
				2FAA023C2560219B000E6750 /* Baloo-Regular.ttf in Resources */,
				2FAA020625601FF5000E6750 /* OpenSans-Regular.ttf in Resources */,
				2FD58F12256137120030CC8D /* GoogleService-Info.plist in Resources */,
				13B07FBF1A68108700A75B9A /* Images.xcassets in Resources */,
				13B07FBD1A68108700A75B9A /* LaunchScreen.xib in Resources */,
			);
			runOnlyForDeploymentPostprocessing = 0;
		};
		2D02E4791E0B4A5D006451C7 /* Resources */ = {
			isa = PBXResourcesBuildPhase;
			buildActionMask = 2147483647;
			files = (
				2D02E4BD1E0B4A84006451C7 /* Images.xcassets in Resources */,
			);
			runOnlyForDeploymentPostprocessing = 0;
		};
		2D02E48E1E0B4A5D006451C7 /* Resources */ = {
			isa = PBXResourcesBuildPhase;
			buildActionMask = 2147483647;
			files = (
			);
			runOnlyForDeploymentPostprocessing = 0;
		};
/* End PBXResourcesBuildPhase section */

/* Begin PBXShellScriptBuildPhase section */
		00DD1BFF1BD5951E006B06BC /* Bundle React Native code and images */ = {
			isa = PBXShellScriptBuildPhase;
			buildActionMask = 2147483647;
			files = (
			);
			inputPaths = (
			);
			name = "Bundle React Native code and images";
			outputPaths = (
			);
			runOnlyForDeploymentPostprocessing = 0;
			shellPath = /bin/sh;
			shellScript = "export NODE_BINARY=node\n../node_modules/react-native/scripts/react-native-xcode.sh";
		};
		10FA5CD80F331B9C121B3AAF /* [CP] Check Pods Manifest.lock */ = {
			isa = PBXShellScriptBuildPhase;
			buildActionMask = 2147483647;
			files = (
			);
			inputFileListPaths = (
			);
			inputPaths = (
				"${PODS_PODFILE_DIR_PATH}/Podfile.lock",
				"${PODS_ROOT}/Manifest.lock",
			);
			name = "[CP] Check Pods Manifest.lock";
			outputFileListPaths = (
			);
			outputPaths = (
				"$(DERIVED_FILE_DIR)/Pods-SOTS-checkManifestLockResult.txt",
			);
			runOnlyForDeploymentPostprocessing = 0;
			shellPath = /bin/sh;
			shellScript = "diff \"${PODS_PODFILE_DIR_PATH}/Podfile.lock\" \"${PODS_ROOT}/Manifest.lock\" > /dev/null\nif [ $? != 0 ] ; then\n    # print error to STDERR\n    echo \"error: The sandbox is not in sync with the Podfile.lock. Run 'pod install' or update your CocoaPods installation.\" >&2\n    exit 1\nfi\n# This output is used by Xcode 'outputs' to avoid re-running this script phase.\necho \"SUCCESS\" > \"${SCRIPT_OUTPUT_FILE_0}\"\n";
			showEnvVarsInLog = 0;
		};
		2D02E4CB1E0B4B27006451C7 /* Bundle React Native Code And Images */ = {
			isa = PBXShellScriptBuildPhase;
			buildActionMask = 2147483647;
			files = (
			);
			inputPaths = (
			);
			name = "Bundle React Native Code And Images";
			outputPaths = (
			);
			runOnlyForDeploymentPostprocessing = 0;
			shellPath = /bin/sh;
			shellScript = "export NODE_BINARY=node\n../node_modules/react-native/scripts/react-native-xcode.sh";
		};
		2D4E61E42D624C6DB9573D25 /* [CP] Check Pods Manifest.lock */ = {
			isa = PBXShellScriptBuildPhase;
			buildActionMask = 2147483647;
			files = (
			);
			inputFileListPaths = (
			);
			inputPaths = (
				"${PODS_PODFILE_DIR_PATH}/Podfile.lock",
				"${PODS_ROOT}/Manifest.lock",
			);
			name = "[CP] Check Pods Manifest.lock";
			outputFileListPaths = (
			);
			outputPaths = (
				"$(DERIVED_FILE_DIR)/Pods-SOTS-tvOSTests-checkManifestLockResult.txt",
			);
			runOnlyForDeploymentPostprocessing = 0;
			shellPath = /bin/sh;
			shellScript = "diff \"${PODS_PODFILE_DIR_PATH}/Podfile.lock\" \"${PODS_ROOT}/Manifest.lock\" > /dev/null\nif [ $? != 0 ] ; then\n    # print error to STDERR\n    echo \"error: The sandbox is not in sync with the Podfile.lock. Run 'pod install' or update your CocoaPods installation.\" >&2\n    exit 1\nfi\n# This output is used by Xcode 'outputs' to avoid re-running this script phase.\necho \"SUCCESS\" > \"${SCRIPT_OUTPUT_FILE_0}\"\n";
			showEnvVarsInLog = 0;
		};
		699D585D7C404A7DF74C67BC /* [CP] Check Pods Manifest.lock */ = {
			isa = PBXShellScriptBuildPhase;
			buildActionMask = 2147483647;
			files = (
			);
			inputFileListPaths = (
			);
			inputPaths = (
				"${PODS_PODFILE_DIR_PATH}/Podfile.lock",
				"${PODS_ROOT}/Manifest.lock",
			);
			name = "[CP] Check Pods Manifest.lock";
			outputFileListPaths = (
			);
			outputPaths = (
				"$(DERIVED_FILE_DIR)/Pods-SOTSTests-checkManifestLockResult.txt",
			);
			runOnlyForDeploymentPostprocessing = 0;
			shellPath = /bin/sh;
			shellScript = "diff \"${PODS_PODFILE_DIR_PATH}/Podfile.lock\" \"${PODS_ROOT}/Manifest.lock\" > /dev/null\nif [ $? != 0 ] ; then\n    # print error to STDERR\n    echo \"error: The sandbox is not in sync with the Podfile.lock. Run 'pod install' or update your CocoaPods installation.\" >&2\n    exit 1\nfi\n# This output is used by Xcode 'outputs' to avoid re-running this script phase.\necho \"SUCCESS\" > \"${SCRIPT_OUTPUT_FILE_0}\"\n";
			showEnvVarsInLog = 0;
		};
		813728069A3CEFECEE17C444 /* [CP] Copy Pods Resources */ = {
			isa = PBXShellScriptBuildPhase;
			buildActionMask = 2147483647;
			files = (
			);
			inputPaths = (
				"${PODS_ROOT}/Target Support Files/Pods-SOTS/Pods-SOTS-resources.sh",
				"${PODS_CONFIGURATION_BUILD_DIR}/QBImagePickerController/QBImagePicker.bundle",
				"${PODS_ROOT}/../../node_modules/react-native-vector-icons/Fonts/AntDesign.ttf",
				"${PODS_ROOT}/../../node_modules/react-native-vector-icons/Fonts/Entypo.ttf",
				"${PODS_ROOT}/../../node_modules/react-native-vector-icons/Fonts/EvilIcons.ttf",
				"${PODS_ROOT}/../../node_modules/react-native-vector-icons/Fonts/Feather.ttf",
				"${PODS_ROOT}/../../node_modules/react-native-vector-icons/Fonts/FontAwesome.ttf",
				"${PODS_ROOT}/../../node_modules/react-native-vector-icons/Fonts/FontAwesome5_Brands.ttf",
				"${PODS_ROOT}/../../node_modules/react-native-vector-icons/Fonts/FontAwesome5_Regular.ttf",
				"${PODS_ROOT}/../../node_modules/react-native-vector-icons/Fonts/FontAwesome5_Solid.ttf",
				"${PODS_ROOT}/../../node_modules/react-native-vector-icons/Fonts/Fontisto.ttf",
				"${PODS_ROOT}/../../node_modules/react-native-vector-icons/Fonts/Foundation.ttf",
				"${PODS_ROOT}/../../node_modules/react-native-vector-icons/Fonts/Ionicons.ttf",
				"${PODS_ROOT}/../../node_modules/react-native-vector-icons/Fonts/MaterialCommunityIcons.ttf",
				"${PODS_ROOT}/../../node_modules/react-native-vector-icons/Fonts/MaterialIcons.ttf",
				"${PODS_ROOT}/../../node_modules/react-native-vector-icons/Fonts/Octicons.ttf",
				"${PODS_ROOT}/../../node_modules/react-native-vector-icons/Fonts/SimpleLineIcons.ttf",
				"${PODS_ROOT}/../../node_modules/react-native-vector-icons/Fonts/Zocial.ttf",
				"${PODS_ROOT}/RSKImageCropper/RSKImageCropper/RSKImageCropperStrings.bundle",
			);
			name = "[CP] Copy Pods Resources";
			outputPaths = (
				"${TARGET_BUILD_DIR}/${UNLOCALIZED_RESOURCES_FOLDER_PATH}/QBImagePicker.bundle",
				"${TARGET_BUILD_DIR}/${UNLOCALIZED_RESOURCES_FOLDER_PATH}/AntDesign.ttf",
				"${TARGET_BUILD_DIR}/${UNLOCALIZED_RESOURCES_FOLDER_PATH}/Entypo.ttf",
				"${TARGET_BUILD_DIR}/${UNLOCALIZED_RESOURCES_FOLDER_PATH}/EvilIcons.ttf",
				"${TARGET_BUILD_DIR}/${UNLOCALIZED_RESOURCES_FOLDER_PATH}/Feather.ttf",
				"${TARGET_BUILD_DIR}/${UNLOCALIZED_RESOURCES_FOLDER_PATH}/FontAwesome.ttf",
				"${TARGET_BUILD_DIR}/${UNLOCALIZED_RESOURCES_FOLDER_PATH}/FontAwesome5_Brands.ttf",
				"${TARGET_BUILD_DIR}/${UNLOCALIZED_RESOURCES_FOLDER_PATH}/FontAwesome5_Regular.ttf",
				"${TARGET_BUILD_DIR}/${UNLOCALIZED_RESOURCES_FOLDER_PATH}/FontAwesome5_Solid.ttf",
				"${TARGET_BUILD_DIR}/${UNLOCALIZED_RESOURCES_FOLDER_PATH}/Fontisto.ttf",
				"${TARGET_BUILD_DIR}/${UNLOCALIZED_RESOURCES_FOLDER_PATH}/Foundation.ttf",
				"${TARGET_BUILD_DIR}/${UNLOCALIZED_RESOURCES_FOLDER_PATH}/Ionicons.ttf",
				"${TARGET_BUILD_DIR}/${UNLOCALIZED_RESOURCES_FOLDER_PATH}/MaterialCommunityIcons.ttf",
				"${TARGET_BUILD_DIR}/${UNLOCALIZED_RESOURCES_FOLDER_PATH}/MaterialIcons.ttf",
				"${TARGET_BUILD_DIR}/${UNLOCALIZED_RESOURCES_FOLDER_PATH}/Octicons.ttf",
				"${TARGET_BUILD_DIR}/${UNLOCALIZED_RESOURCES_FOLDER_PATH}/SimpleLineIcons.ttf",
				"${TARGET_BUILD_DIR}/${UNLOCALIZED_RESOURCES_FOLDER_PATH}/Zocial.ttf",
				"${TARGET_BUILD_DIR}/${UNLOCALIZED_RESOURCES_FOLDER_PATH}/RSKImageCropperStrings.bundle",
			);
			runOnlyForDeploymentPostprocessing = 0;
			shellPath = /bin/sh;
			shellScript = "\"${PODS_ROOT}/Target Support Files/Pods-SOTS/Pods-SOTS-resources.sh\"\n";
			showEnvVarsInLog = 0;
		};
		C0000650A5A1EC18D4F9CA9C /* [CP] Check Pods Manifest.lock */ = {
			isa = PBXShellScriptBuildPhase;
			buildActionMask = 2147483647;
			files = (
			);
			inputFileListPaths = (
			);
			inputPaths = (
				"${PODS_PODFILE_DIR_PATH}/Podfile.lock",
				"${PODS_ROOT}/Manifest.lock",
			);
			name = "[CP] Check Pods Manifest.lock";
			outputFileListPaths = (
			);
			outputPaths = (
				"$(DERIVED_FILE_DIR)/Pods-SOTS-tvOS-checkManifestLockResult.txt",
			);
			runOnlyForDeploymentPostprocessing = 0;
			shellPath = /bin/sh;
			shellScript = "diff \"${PODS_PODFILE_DIR_PATH}/Podfile.lock\" \"${PODS_ROOT}/Manifest.lock\" > /dev/null\nif [ $? != 0 ] ; then\n    # print error to STDERR\n    echo \"error: The sandbox is not in sync with the Podfile.lock. Run 'pod install' or update your CocoaPods installation.\" >&2\n    exit 1\nfi\n# This output is used by Xcode 'outputs' to avoid re-running this script phase.\necho \"SUCCESS\" > \"${SCRIPT_OUTPUT_FILE_0}\"\n";
			showEnvVarsInLog = 0;
		};
		FD10A7F022414F080027D42C /* Start Packager */ = {
			isa = PBXShellScriptBuildPhase;
			buildActionMask = 2147483647;
			files = (
			);
			inputFileListPaths = (
			);
			inputPaths = (
			);
			name = "Start Packager";
			outputFileListPaths = (
			);
			outputPaths = (
			);
			runOnlyForDeploymentPostprocessing = 0;
			shellPath = /bin/sh;
			shellScript = "export RCT_METRO_PORT=\"${RCT_METRO_PORT:=8081}\"\necho \"export RCT_METRO_PORT=${RCT_METRO_PORT}\" > \"${SRCROOT}/../node_modules/react-native/scripts/.packager.env\"\nif [ -z \"${RCT_NO_LAUNCH_PACKAGER+xxx}\" ] ; then\n  if nc -w 5 -z localhost ${RCT_METRO_PORT} ; then\n    if ! curl -s \"http://localhost:${RCT_METRO_PORT}/status\" | grep -q \"packager-status:running\" ; then\n      echo \"Port ${RCT_METRO_PORT} already in use, packager is either not running or not running correctly\"\n      exit 2\n    fi\n  else\n    open \"$SRCROOT/../node_modules/react-native/scripts/launchPackager.command\" || echo \"Can't start packager automatically\"\n  fi\nfi\n";
			showEnvVarsInLog = 0;
		};
		FD10A7F122414F3F0027D42C /* Start Packager */ = {
			isa = PBXShellScriptBuildPhase;
			buildActionMask = 2147483647;
			files = (
			);
			inputFileListPaths = (
			);
			inputPaths = (
			);
			name = "Start Packager";
			outputFileListPaths = (
			);
			outputPaths = (
			);
			runOnlyForDeploymentPostprocessing = 0;
			shellPath = /bin/sh;
			shellScript = "export RCT_METRO_PORT=\"${RCT_METRO_PORT:=8081}\"\necho \"export RCT_METRO_PORT=${RCT_METRO_PORT}\" > \"${SRCROOT}/../node_modules/react-native/scripts/.packager.env\"\nif [ -z \"${RCT_NO_LAUNCH_PACKAGER+xxx}\" ] ; then\n  if nc -w 5 -z localhost ${RCT_METRO_PORT} ; then\n    if ! curl -s \"http://localhost:${RCT_METRO_PORT}/status\" | grep -q \"packager-status:running\" ; then\n      echo \"Port ${RCT_METRO_PORT} already in use, packager is either not running or not running correctly\"\n      exit 2\n    fi\n  else\n    open \"$SRCROOT/../node_modules/react-native/scripts/launchPackager.command\" || echo \"Can't start packager automatically\"\n  fi\nfi\n";
			showEnvVarsInLog = 0;
		};
/* End PBXShellScriptBuildPhase section */

/* Begin PBXSourcesBuildPhase section */
		00E356EA1AD99517003FC87E /* Sources */ = {
			isa = PBXSourcesBuildPhase;
			buildActionMask = 2147483647;
			files = (
				00E356F31AD99517003FC87E /* SOTSTests.m in Sources */,
			);
			runOnlyForDeploymentPostprocessing = 0;
		};
		13B07F871A680F5B00A75B9A /* Sources */ = {
			isa = PBXSourcesBuildPhase;
			buildActionMask = 2147483647;
			files = (
				13B07FBC1A68108700A75B9A /* AppDelegate.m in Sources */,
				13B07FC11A68108700A75B9A /* main.m in Sources */,
			);
			runOnlyForDeploymentPostprocessing = 0;
		};
		2D02E4771E0B4A5D006451C7 /* Sources */ = {
			isa = PBXSourcesBuildPhase;
			buildActionMask = 2147483647;
			files = (
				2D02E4BF1E0B4AB3006451C7 /* main.m in Sources */,
				2D02E4BC1E0B4A80006451C7 /* AppDelegate.m in Sources */,
			);
			runOnlyForDeploymentPostprocessing = 0;
		};
		2D02E48C1E0B4A5D006451C7 /* Sources */ = {
			isa = PBXSourcesBuildPhase;
			buildActionMask = 2147483647;
			files = (
				2DCD954D1E0B4F2C00145EB5 /* SOTSTests.m in Sources */,
			);
			runOnlyForDeploymentPostprocessing = 0;
		};
/* End PBXSourcesBuildPhase section */

/* Begin PBXTargetDependency section */
		00E356F51AD99517003FC87E /* PBXTargetDependency */ = {
			isa = PBXTargetDependency;
			target = 13B07F861A680F5B00A75B9A /* SOTS */;
			targetProxy = 00E356F41AD99517003FC87E /* PBXContainerItemProxy */;
		};
		2D02E4921E0B4A5D006451C7 /* PBXTargetDependency */ = {
			isa = PBXTargetDependency;
			target = 2D02E47A1E0B4A5D006451C7 /* SOTS-tvOS */;
			targetProxy = 2D02E4911E0B4A5D006451C7 /* PBXContainerItemProxy */;
		};
/* End PBXTargetDependency section */

/* Begin PBXVariantGroup section */
		13B07FB11A68108700A75B9A /* LaunchScreen.xib */ = {
			isa = PBXVariantGroup;
			children = (
				13B07FB21A68108700A75B9A /* Base */,
			);
			name = LaunchScreen.xib;
			path = SOTS;
			sourceTree = "<group>";
		};
/* End PBXVariantGroup section */

/* Begin XCBuildConfiguration section */
		00E356F61AD99517003FC87E /* Debug */ = {
			isa = XCBuildConfiguration;
			baseConfigurationReference = F26AD2432CB1B91FED18CDF3 /* Pods-SOTSTests.debug.xcconfig */;
			buildSettings = {
				BUNDLE_LOADER = "$(TEST_HOST)";
				GCC_PREPROCESSOR_DEFINITIONS = (
					"DEBUG=1",
					"$(inherited)",
				);
				INFOPLIST_FILE = SOTSTests/Info.plist;
				IPHONEOS_DEPLOYMENT_TARGET = 9.0;
				LD_RUNPATH_SEARCH_PATHS = "$(inherited) @executable_path/Frameworks @loader_path/Frameworks";
				OTHER_LDFLAGS = (
					"-ObjC",
					"-lc++",
					"$(inherited)",
				);
				PRODUCT_BUNDLE_IDENTIFIER = "org.reactjs.native.example.$(PRODUCT_NAME:rfc1034identifier)";
				PRODUCT_NAME = "$(TARGET_NAME)";
				TEST_HOST = "$(BUILT_PRODUCTS_DIR)/SOTS.app/SOTS";
			};
			name = Debug;
		};
		00E356F71AD99517003FC87E /* Release */ = {
			isa = XCBuildConfiguration;
			baseConfigurationReference = 6DD3B99AF0FCCD2E45CBCB0F /* Pods-SOTSTests.release.xcconfig */;
			buildSettings = {
				BUNDLE_LOADER = "$(TEST_HOST)";
				COPY_PHASE_STRIP = NO;
				INFOPLIST_FILE = SOTSTests/Info.plist;
				IPHONEOS_DEPLOYMENT_TARGET = 9.0;
				LD_RUNPATH_SEARCH_PATHS = "$(inherited) @executable_path/Frameworks @loader_path/Frameworks";
				OTHER_LDFLAGS = (
					"-ObjC",
					"-lc++",
					"$(inherited)",
				);
				PRODUCT_BUNDLE_IDENTIFIER = "org.reactjs.native.example.$(PRODUCT_NAME:rfc1034identifier)";
				PRODUCT_NAME = "$(TARGET_NAME)";
				TEST_HOST = "$(BUILT_PRODUCTS_DIR)/SOTS.app/SOTS";
			};
			name = Release;
		};
		13B07F941A680F5B00A75B9A /* Debug */ = {
			isa = XCBuildConfiguration;
			baseConfigurationReference = A541E01187ED62DBCA6B1ECF /* Pods-SOTS.debug.xcconfig */;
			buildSettings = {
				ALWAYS_EMBED_SWIFT_STANDARD_LIBRARIES = YES;
				ASSETCATALOG_COMPILER_APPICON_NAME = AppIcon;
				ASSETCATALOG_COMPILER_LAUNCHIMAGE_NAME = LaunchImage;
				CODE_SIGN_ENTITLEMENTS = SOTS/SOTS.entitlements;
				CODE_SIGN_IDENTITY = "Apple Development";
				"CODE_SIGN_IDENTITY[sdk=iphoneos*]" = "Apple Development";
				CODE_SIGN_STYLE = Automatic;
				CURRENT_PROJECT_VERSION = 1;
				DEAD_CODE_STRIPPING = YES;
				DEVELOPMENT_TEAM = 9R23HUR2Q7;
				INFOPLIST_FILE = SOTS/Info.plist;
				IPHONEOS_DEPLOYMENT_TARGET = 14.2;
				LD_RUNPATH_SEARCH_PATHS = "$(inherited) @executable_path/Frameworks";
				MARKETING_VERSION = 1.0.0;
				NEW_SETTING = "";
				OTHER_LDFLAGS = (
					"$(inherited)",
					"-ObjC",
					"-lc++",
				);
				PRODUCT_BUNDLE_IDENTIFIER = com.business.shopping;
				PRODUCT_NAME = SOTS;
				PROVISIONING_PROFILE_SPECIFIER = "";
				VERSIONING_SYSTEM = "apple-generic";
			};
			name = Debug;
		};
		13B07F951A680F5B00A75B9A /* Release */ = {
			isa = XCBuildConfiguration;
			baseConfigurationReference = BD483E3279015CEF7B4738AA /* Pods-SOTS.release.xcconfig */;
			buildSettings = {
				ALWAYS_EMBED_SWIFT_STANDARD_LIBRARIES = YES;
				ASSETCATALOG_COMPILER_APPICON_NAME = AppIcon;
				ASSETCATALOG_COMPILER_LAUNCHIMAGE_NAME = LaunchImage;
				CODE_SIGN_ENTITLEMENTS = SOTS/SOTS.entitlements;
				CODE_SIGN_IDENTITY = "Apple Development";
				"CODE_SIGN_IDENTITY[sdk=iphoneos*]" = "Apple Development";
				CODE_SIGN_STYLE = Automatic;
				CURRENT_PROJECT_VERSION = 1;
				DEAD_CODE_STRIPPING = NO;
				DEVELOPMENT_TEAM = 9R23HUR2Q7;
				INFOPLIST_FILE = SOTS/Info.plist;
				IPHONEOS_DEPLOYMENT_TARGET = 14.2;
				LD_RUNPATH_SEARCH_PATHS = "$(inherited) @executable_path/Frameworks";
				MARKETING_VERSION = 1.0.0;
				NEW_SETTING = "";
				OTHER_LDFLAGS = (
					"$(inherited)",
					"-ObjC",
					"-lc++",
				);
				PRODUCT_BUNDLE_IDENTIFIER = com.business.shopping;
				PRODUCT_NAME = SOTS;
				PROVISIONING_PROFILE_SPECIFIER = "";
				VERSIONING_SYSTEM = "apple-generic";
			};
			name = Release;
		};
		2D02E4971E0B4A5E006451C7 /* Debug */ = {
			isa = XCBuildConfiguration;
			baseConfigurationReference = 08192A1D667374B2B6BF1C66 /* Pods-SOTS-tvOS.debug.xcconfig */;
			buildSettings = {
				ASSETCATALOG_COMPILER_APPICON_NAME = "App Icon & Top Shelf Image";
				ASSETCATALOG_COMPILER_LAUNCHIMAGE_NAME = LaunchImage;
				CLANG_ANALYZER_NONNULL = YES;
				CLANG_WARN_DOCUMENTATION_COMMENTS = YES;
				CLANG_WARN_INFINITE_RECURSION = YES;
				CLANG_WARN_SUSPICIOUS_MOVE = YES;
				DEBUG_INFORMATION_FORMAT = dwarf;
				ENABLE_TESTABILITY = YES;
				GCC_NO_COMMON_BLOCKS = YES;
				INFOPLIST_FILE = "SOTS-tvOS/Info.plist";
				LD_RUNPATH_SEARCH_PATHS = "$(inherited) @executable_path/Frameworks";
				OTHER_LDFLAGS = (
					"$(inherited)",
					"-ObjC",
					"-lc++",
				);
				PRODUCT_BUNDLE_IDENTIFIER = "com.facebook.REACT.SOTS-tvOS";
				PRODUCT_NAME = "$(TARGET_NAME)";
				SDKROOT = appletvos;
				TARGETED_DEVICE_FAMILY = 3;
				TVOS_DEPLOYMENT_TARGET = 9.2;
			};
			name = Debug;
		};
		2D02E4981E0B4A5E006451C7 /* Release */ = {
			isa = XCBuildConfiguration;
			baseConfigurationReference = 2E2C3AECC27F7FEEBD43F7DB /* Pods-SOTS-tvOS.release.xcconfig */;
			buildSettings = {
				ASSETCATALOG_COMPILER_APPICON_NAME = "App Icon & Top Shelf Image";
				ASSETCATALOG_COMPILER_LAUNCHIMAGE_NAME = LaunchImage;
				CLANG_ANALYZER_NONNULL = YES;
				CLANG_WARN_DOCUMENTATION_COMMENTS = YES;
				CLANG_WARN_INFINITE_RECURSION = YES;
				CLANG_WARN_SUSPICIOUS_MOVE = YES;
				COPY_PHASE_STRIP = NO;
				DEBUG_INFORMATION_FORMAT = "dwarf-with-dsym";
				GCC_NO_COMMON_BLOCKS = YES;
				INFOPLIST_FILE = "SOTS-tvOS/Info.plist";
				LD_RUNPATH_SEARCH_PATHS = "$(inherited) @executable_path/Frameworks";
				OTHER_LDFLAGS = (
					"$(inherited)",
					"-ObjC",
					"-lc++",
				);
				PRODUCT_BUNDLE_IDENTIFIER = "com.facebook.REACT.SOTS-tvOS";
				PRODUCT_NAME = "$(TARGET_NAME)";
				SDKROOT = appletvos;
				TARGETED_DEVICE_FAMILY = 3;
				TVOS_DEPLOYMENT_TARGET = 9.2;
			};
			name = Release;
		};
		2D02E4991E0B4A5E006451C7 /* Debug */ = {
			isa = XCBuildConfiguration;
			baseConfigurationReference = AECDDD2A8D44EEF5FF6949CE /* Pods-SOTS-tvOSTests.debug.xcconfig */;
			buildSettings = {
				BUNDLE_LOADER = "$(TEST_HOST)";
				CLANG_ANALYZER_NONNULL = YES;
				CLANG_WARN_DOCUMENTATION_COMMENTS = YES;
				CLANG_WARN_INFINITE_RECURSION = YES;
				CLANG_WARN_SUSPICIOUS_MOVE = YES;
				DEBUG_INFORMATION_FORMAT = dwarf;
				ENABLE_TESTABILITY = YES;
				GCC_NO_COMMON_BLOCKS = YES;
				INFOPLIST_FILE = "SOTS-tvOSTests/Info.plist";
				LD_RUNPATH_SEARCH_PATHS = "$(inherited) @executable_path/Frameworks @loader_path/Frameworks";
				OTHER_LDFLAGS = (
					"$(inherited)",
					"-ObjC",
					"-lc++",
				);
				PRODUCT_BUNDLE_IDENTIFIER = "com.facebook.REACT.SOTS-tvOSTests";
				PRODUCT_NAME = "$(TARGET_NAME)";
				SDKROOT = appletvos;
				TEST_HOST = "$(BUILT_PRODUCTS_DIR)/SOTS-tvOS.app/SOTS-tvOS";
				TVOS_DEPLOYMENT_TARGET = 10.1;
			};
			name = Debug;
		};
		2D02E49A1E0B4A5E006451C7 /* Release */ = {
			isa = XCBuildConfiguration;
			baseConfigurationReference = 79ED20D5FA2DF3E4DA772E47 /* Pods-SOTS-tvOSTests.release.xcconfig */;
			buildSettings = {
				BUNDLE_LOADER = "$(TEST_HOST)";
				CLANG_ANALYZER_NONNULL = YES;
				CLANG_WARN_DOCUMENTATION_COMMENTS = YES;
				CLANG_WARN_INFINITE_RECURSION = YES;
				CLANG_WARN_SUSPICIOUS_MOVE = YES;
				COPY_PHASE_STRIP = NO;
				DEBUG_INFORMATION_FORMAT = "dwarf-with-dsym";
				GCC_NO_COMMON_BLOCKS = YES;
				INFOPLIST_FILE = "SOTS-tvOSTests/Info.plist";
				LD_RUNPATH_SEARCH_PATHS = "$(inherited) @executable_path/Frameworks @loader_path/Frameworks";
				OTHER_LDFLAGS = (
					"$(inherited)",
					"-ObjC",
					"-lc++",
				);
				PRODUCT_BUNDLE_IDENTIFIER = "com.facebook.REACT.SOTS-tvOSTests";
				PRODUCT_NAME = "$(TARGET_NAME)";
				SDKROOT = appletvos;
				TEST_HOST = "$(BUILT_PRODUCTS_DIR)/SOTS-tvOS.app/SOTS-tvOS";
				TVOS_DEPLOYMENT_TARGET = 10.1;
			};
			name = Release;
		};
		83CBBA201A601CBA00E9B192 /* Debug */ = {
			isa = XCBuildConfiguration;
			buildSettings = {
				ALWAYS_SEARCH_USER_PATHS = NO;
				CLANG_CXX_LANGUAGE_STANDARD = "gnu++0x";
				CLANG_CXX_LIBRARY = "libc++";
				CLANG_ENABLE_MODULES = YES;
				CLANG_ENABLE_OBJC_ARC = YES;
				CLANG_WARN_BLOCK_CAPTURE_AUTORELEASING = YES;
				CLANG_WARN_BOOL_CONVERSION = YES;
				CLANG_WARN_COMMA = YES;
				CLANG_WARN_CONSTANT_CONVERSION = YES;
				CLANG_WARN_DEPRECATED_OBJC_IMPLEMENTATIONS = YES;
				CLANG_WARN_DIRECT_OBJC_ISA_USAGE = YES_ERROR;
				CLANG_WARN_EMPTY_BODY = YES;
				CLANG_WARN_ENUM_CONVERSION = YES;
				CLANG_WARN_INFINITE_RECURSION = YES;
				CLANG_WARN_INT_CONVERSION = YES;
				CLANG_WARN_NON_LITERAL_NULL_CONVERSION = YES;
				CLANG_WARN_OBJC_IMPLICIT_RETAIN_SELF = YES;
				CLANG_WARN_OBJC_LITERAL_CONVERSION = YES;
				CLANG_WARN_OBJC_ROOT_CLASS = YES_ERROR;
				CLANG_WARN_RANGE_LOOP_ANALYSIS = YES;
				CLANG_WARN_STRICT_PROTOTYPES = YES;
				CLANG_WARN_SUSPICIOUS_MOVE = YES;
				CLANG_WARN_UNREACHABLE_CODE = YES;
				CLANG_WARN__DUPLICATE_METHOD_MATCH = YES;
				"CODE_SIGN_IDENTITY[sdk=iphoneos*]" = "iPhone Developer";
				COPY_PHASE_STRIP = NO;
				ENABLE_STRICT_OBJC_MSGSEND = YES;
				ENABLE_TESTABILITY = YES;
				GCC_C_LANGUAGE_STANDARD = gnu99;
				GCC_DYNAMIC_NO_PIC = NO;
				GCC_NO_COMMON_BLOCKS = YES;
				GCC_OPTIMIZATION_LEVEL = 0;
				GCC_PREPROCESSOR_DEFINITIONS = (
					"DEBUG=1",
					"$(inherited)",
				);
				GCC_SYMBOLS_PRIVATE_EXTERN = NO;
				GCC_WARN_64_TO_32_BIT_CONVERSION = YES;
				GCC_WARN_ABOUT_RETURN_TYPE = YES_ERROR;
				GCC_WARN_UNDECLARED_SELECTOR = YES;
				GCC_WARN_UNINITIALIZED_AUTOS = YES_AGGRESSIVE;
				GCC_WARN_UNUSED_FUNCTION = YES;
				GCC_WARN_UNUSED_VARIABLE = YES;
				IPHONEOS_DEPLOYMENT_TARGET = 9.0;
				MTL_ENABLE_DEBUG_INFO = YES;
				ONLY_ACTIVE_ARCH = YES;
				SDKROOT = iphoneos;
				VALIDATE_PRODUCT = NO;
			};
			name = Debug;
		};
		83CBBA211A601CBA00E9B192 /* Release */ = {
			isa = XCBuildConfiguration;
			buildSettings = {
				ALWAYS_SEARCH_USER_PATHS = NO;
				CLANG_CXX_LANGUAGE_STANDARD = "gnu++0x";
				CLANG_CXX_LIBRARY = "libc++";
				CLANG_ENABLE_MODULES = YES;
				CLANG_ENABLE_OBJC_ARC = YES;
				CLANG_WARN_BLOCK_CAPTURE_AUTORELEASING = YES;
				CLANG_WARN_BOOL_CONVERSION = YES;
				CLANG_WARN_COMMA = YES;
				CLANG_WARN_CONSTANT_CONVERSION = YES;
				CLANG_WARN_DEPRECATED_OBJC_IMPLEMENTATIONS = YES;
				CLANG_WARN_DIRECT_OBJC_ISA_USAGE = YES_ERROR;
				CLANG_WARN_EMPTY_BODY = YES;
				CLANG_WARN_ENUM_CONVERSION = YES;
				CLANG_WARN_INFINITE_RECURSION = YES;
				CLANG_WARN_INT_CONVERSION = YES;
				CLANG_WARN_NON_LITERAL_NULL_CONVERSION = YES;
				CLANG_WARN_OBJC_IMPLICIT_RETAIN_SELF = YES;
				CLANG_WARN_OBJC_LITERAL_CONVERSION = YES;
				CLANG_WARN_OBJC_ROOT_CLASS = YES_ERROR;
				CLANG_WARN_RANGE_LOOP_ANALYSIS = YES;
				CLANG_WARN_STRICT_PROTOTYPES = YES;
				CLANG_WARN_SUSPICIOUS_MOVE = YES;
				CLANG_WARN_UNREACHABLE_CODE = YES;
				CLANG_WARN__DUPLICATE_METHOD_MATCH = YES;
				"CODE_SIGN_IDENTITY[sdk=iphoneos*]" = "iPhone Developer";
				COPY_PHASE_STRIP = NO;
				ENABLE_NS_ASSERTIONS = NO;
				ENABLE_STRICT_OBJC_MSGSEND = YES;
				ENABLE_TESTABILITY = NO;
				GCC_C_LANGUAGE_STANDARD = gnu99;
				GCC_NO_COMMON_BLOCKS = YES;
				GCC_WARN_64_TO_32_BIT_CONVERSION = YES;
				GCC_WARN_ABOUT_RETURN_TYPE = YES_ERROR;
				GCC_WARN_UNDECLARED_SELECTOR = YES;
				GCC_WARN_UNINITIALIZED_AUTOS = YES_AGGRESSIVE;
				GCC_WARN_UNUSED_FUNCTION = YES;
				GCC_WARN_UNUSED_VARIABLE = YES;
				IPHONEOS_DEPLOYMENT_TARGET = 9.0;
				MTL_ENABLE_DEBUG_INFO = NO;
				SDKROOT = iphoneos;
				VALIDATE_PRODUCT = NO;
			};
			name = Release;
		};
/* End XCBuildConfiguration section */

/* Begin XCConfigurationList section */
		00E357021AD99517003FC87E /* Build configuration list for PBXNativeTarget "SOTSTests" */ = {
			isa = XCConfigurationList;
			buildConfigurations = (
				00E356F61AD99517003FC87E /* Debug */,
				00E356F71AD99517003FC87E /* Release */,
			);
			defaultConfigurationIsVisible = 0;
			defaultConfigurationName = Release;
		};
		13B07F931A680F5B00A75B9A /* Build configuration list for PBXNativeTarget "SOTS" */ = {
			isa = XCConfigurationList;
			buildConfigurations = (
				13B07F941A680F5B00A75B9A /* Debug */,
				13B07F951A680F5B00A75B9A /* Release */,
			);
			defaultConfigurationIsVisible = 0;
			defaultConfigurationName = Release;
		};
		2D02E4BA1E0B4A5E006451C7 /* Build configuration list for PBXNativeTarget "SOTS-tvOS" */ = {
			isa = XCConfigurationList;
			buildConfigurations = (
				2D02E4971E0B4A5E006451C7 /* Debug */,
				2D02E4981E0B4A5E006451C7 /* Release */,
			);
			defaultConfigurationIsVisible = 0;
			defaultConfigurationName = Release;
		};
		2D02E4BB1E0B4A5E006451C7 /* Build configuration list for PBXNativeTarget "SOTS-tvOSTests" */ = {
			isa = XCConfigurationList;
			buildConfigurations = (
				2D02E4991E0B4A5E006451C7 /* Debug */,
				2D02E49A1E0B4A5E006451C7 /* Release */,
			);
			defaultConfigurationIsVisible = 0;
			defaultConfigurationName = Release;
		};
		83CBB9FA1A601CBA00E9B192 /* Build configuration list for PBXProject "SOTS" */ = {
			isa = XCConfigurationList;
			buildConfigurations = (
				83CBBA201A601CBA00E9B192 /* Debug */,
				83CBBA211A601CBA00E9B192 /* Release */,
			);
			defaultConfigurationIsVisible = 0;
			defaultConfigurationName = Release;
		};
/* End XCConfigurationList section */
	};
	rootObject = 83CBB9F71A601CBA00E9B192 /* Project object */;
}
